
Microsoft Visual Studio Solution File, Format Version 12.00
# Visual Studio Version 17
VisualStudioVersion = 17.6.33723.286
MinimumVisualStudioVersion = 10.0.40219.1
Project("{9A19103F-16F7-4668-BE54-9A1E7A4F7556}") = "CoffeeShopOrder.Domain", "CoffeeShopOrder.Domain\CoffeeShopOrder.Domain.csproj", "{195AAC17-1A33-414F-A057-D44470B6C3DE}"
EndProject
Project("{9A19103F-16F7-4668-BE54-9A1E7A4F7556}") = "CoffeeShopOrder.Test", "CoffeeShopOrder.Test\CoffeeShopOrder.Test.csproj", "{DDFF7117-B346-4867-B1E2-7446B29F75E5}"
EndProject
Project("{9A19103F-16F7-4668-BE54-9A1E7A4F7556}") = "CoffeeShopOrder.API", "CoffeeShopOrder.API\CoffeeShopOrder.API.csproj", "{7F116FC3-AC1F-48A3-88A3-1F61F3200F50}"
EndProject
Project("{9A19103F-16F7-4668-BE54-9A1E7A4F7556}") = "CoffeeShopOrder.Application", "CoffeeShopOrder.Application\CoffeeShopOrder.Application.csproj", "{A74CBC79-ACC3-422C-8D03-98A3928137E1}"
EndProject
Project("{9A19103F-16F7-4668-BE54-9A1E7A4F7556}") = "CoffeeShopOrder.Infrastructure", "CoffeeShopOrder.Infrastructure\CoffeeShopOrder.Infrastructure.csproj", "{64EA4875-B4A6-400E-A645-5132C72CD3DE}"
EndProject
Project("{E53339B2-1760-4266-BCC7-CA923CBCF16C}") = "docker-compose", "docker-compose.dcproj", "{2C385696-73AC-4811-BCB4-2029899C3857}"
EndProject
Global
	GlobalSection(SolutionConfigurationPlatforms) = preSolution
		Debug|Any CPU = Debug|Any CPU
		Release|Any CPU = Release|Any CPU
	EndGlobalSection
	GlobalSection(ProjectConfigurationPlatforms) = postSolution
		{195AAC17-1A33-414F-A057-D44470B6C3DE}.Debug|Any CPU.ActiveCfg = Debug|Any CPU
		{195AAC17-1A33-414F-A057-D44470B6C3DE}.Debug|Any CPU.Build.0 = Debug|Any CPU
		{195AAC17-1A33-414F-A057-D44470B6C3DE}.Release|Any CPU.ActiveCfg = Release|Any CPU
		{195AAC17-1A33-414F-A057-D44470B6C3DE}.Release|Any CPU.Build.0 = Release|Any CPU
		{DDFF7117-B346-4867-B1E2-7446B29F75E5}.Debug|Any CPU.ActiveCfg = Debug|Any CPU
		{DDFF7117-B346-4867-B1E2-7446B29F75E5}.Debug|Any CPU.Build.0 = Debug|Any CPU
		{DDFF7117-B346-4867-B1E2-7446B29F75E5}.Release|Any CPU.ActiveCfg = Release|Any CPU
		{DDFF7117-B346-4867-B1E2-7446B29F75E5}.Release|Any CPU.Build.0 = Release|Any CPU
		{7F116FC3-AC1F-48A3-88A3-1F61F3200F50}.Debug|Any CPU.ActiveCfg = Debug|Any CPU
		{7F116FC3-AC1F-48A3-88A3-1F61F3200F50}.Debug|Any CPU.Build.0 = Debug|Any CPU
		{7F116FC3-AC1F-48A3-88A3-1F61F3200F50}.Release|Any CPU.ActiveCfg = Release|Any CPU
		{7F116FC3-AC1F-48A3-88A3-1F61F3200F50}.Release|Any CPU.Build.0 = Release|Any CPU
		{A74CBC79-ACC3-422C-8D03-98A3928137E1}.Debug|Any CPU.ActiveCfg = Debug|Any CPU
		{A74CBC79-ACC3-422C-8D03-98A3928137E1}.Debug|Any CPU.Build.0 = Debug|Any CPU
		{A74CBC79-ACC3-422C-8D03-98A3928137E1}.Release|Any CPU.ActiveCfg = Release|Any CPU
		{A74CBC79-ACC3-422C-8D03-98A3928137E1}.Release|Any CPU.Build.0 = Release|Any CPU
		{64EA4875-B4A6-400E-A645-5132C72CD3DE}.Debug|Any CPU.ActiveCfg = Debug|Any CPU
		{64EA4875-B4A6-400E-A645-5132C72CD3DE}.Debug|Any CPU.Build.0 = Debug|Any CPU
		{64EA4875-B4A6-400E-A645-5132C72CD3DE}.Release|Any CPU.ActiveCfg = Release|Any CPU
		{64EA4875-B4A6-400E-A645-5132C72CD3DE}.Release|Any CPU.Build.0 = Release|Any CPU
		{2C385696-73AC-4811-BCB4-2029899C3857}.Debug|Any CPU.ActiveCfg = Debug|Any CPU
		{2C385696-73AC-4811-BCB4-2029899C3857}.Debug|Any CPU.Build.0 = Debug|Any CPU
		{2C385696-73AC-4811-BCB4-2029899C3857}.Release|Any CPU.ActiveCfg = Release|Any CPU
		{2C385696-73AC-4811-BCB4-2029899C3857}.Release|Any CPU.Build.0 = Release|Any CPU
	EndGlobalSection
	GlobalSection(SolutionProperties) = preSolution
		HideSolutionNode = FALSE
	EndGlobalSection
	GlobalSection(ExtensibilityGlobals) = postSolution
		SolutionGuid = {85869216-F7CB-4EF0-BE19-D48EBAF7C411}
	EndGlobalSection
EndGlobal
